
Microsoft Visual Studio Solution File, Format Version 12.00
# Visual Studio 15
VisualStudioVersion = 15.0.28307.168
MinimumVisualStudioVersion = 10.0.40219.1
Project("{9A19103F-16F7-4668-BE54-9A1E7A4F7556}") = "NetCoreDockerExample", "NetCoreDockerExample.csproj", "{9070BE46-DDA8-4EE4-A764-D82E69FDD466}"
EndProject
Global
	GlobalSection(SolutionConfigurationPlatforms) = preSolution
		Debug|Any CPU = Debug|Any CPU
		Release|Any CPU = Release|Any CPU
	EndGlobalSection
	GlobalSection(ProjectConfigurationPlatforms) = postSolution
		{9070BE46-DDA8-4EE4-A764-D82E69FDD466}.Debug|Any CPU.ActiveCfg = Debug|Any CPU
		{9070BE46-DDA8-4EE4-A764-D82E69FDD466}.Debug|Any CPU.Build.0 = Debug|Any CPU
		{9070BE46-DDA8-4EE4-A764-D82E69FDD466}.Release|Any CPU.ActiveCfg = Release|Any CPU
		{9070BE46-DDA8-4EE4-A764-D82E69FDD466}.Release|Any CPU.Build.0 = Release|Any CPU
	EndGlobalSection
	GlobalSection(SolutionProperties) = preSolution
		HideSolutionNode = FALSE
	EndGlobalSection
	GlobalSection(ExtensibilityGlobals) = postSolution
		SolutionGuid = {F8FC18CD-C0DF-408D-9949-C33599182FB2}
	EndGlobalSection
EndGlobal
